{
    "_meta": {
        "hash": {
            "sha256": "a87f37c9b5d01722164d2b6b86b8a9a6aec5aa7285a5e63dd146acaebae3579d"
        },
        "pipfile-spec": 6,
        "requires": {
            "python_version": "3.9"
        },
        "sources": [
            {
                "name": "pypi",
                "url": "https://pypi.org/simple",
                "verify_ssl": true
            }
        ]
    },
    "default": {},
    "develop": {
        "attrs": {
            "hashes": [
                "sha256:149e90d6d8ac20db7a955ad60cf0e6881a3f20d37096140088356da6c716b0b1",
                "sha256:ef6aaac3ca6cd92904cdd0d83f629a15f18053ec84e6432106f7a4d04ae4f5fb"
            ],
            "markers": "python_version >= '2.7' and python_version not in '3.0, 3.1, 3.2, 3.3, 3.4'",
            "version": "==21.2.0"
        },
        "iniconfig": {
            "hashes": [
                "sha256:011e24c64b7f47f6ebd835bb12a743f2fbe9a26d4cecaa7f53bc4f35ee9da8b3",
                "sha256:bc3af051d7d14b2ee5ef9969666def0cd1a000e121eaea580d4a313df4b37f32"
            ],
            "version": "==1.1.1"
        },
        "mypy": {
            "hashes": [
                "sha256:07efc88486877d595cca7f7d237e6d04d1ba6f01dc8f74a81b716270f6770968",
                "sha256:0e703c0afe36511746513d168e1d2a52f88e2a324169b87a6b6a58901c3afcf3",
                "sha256:2220f97804890f3e6da3f849f81f3e56e367a2027a51dde5ce3b7ebb2ad3342b",
                "sha256:22f97de97373dd6180c4abee90b20c60780820284d2cdc5579927c0e37854cf6",
                "sha256:23100137579d718cd6f05d572574ca00701fa2bfc7b645ebc5130d93e2af3bee",
                "sha256:3be7c68fab8b318a2d5bcfac8e028dc77b9096ea1ec5594e9866c8fb57ae0296",
                "sha256:3f1d0601842c6b4248923963fc59a6fdd05dee0fddc8b07e30c508b6a269e68f",
                "sha256:41f082275a20e3eea48364915f7bc6ec5338be89db1ed8b2e570b9e3d12d4dc6",
                "sha256:42d66b3d716fe5e22b32915d1fa59e7183a0e02f00b337b834a596c1f5e37f01",
                "sha256:468b3918b26f81d003e8e9b788c62160acb885487cf4d83a3f22ba9061cb49e2",
                "sha256:6598e39cd5aa1a09d454ad39687b89cf3f3fd7cf1f9c3f81a1a2775f6f6b16f8",
                "sha256:65c78570329c54fb40f956f7645e2359af5da9d8c54baa44f461cdc7f4984108",
                "sha256:68fd1c1c1fc9b405f0ed6cfcd00541de7e83f41007419a125c20fa5db3881cb1",
                "sha256:7eb1e5820deb71e313aa2b5a5220803a9b2e3efa43475537a71d0ffed7495e1e",
                "sha256:80c96f97de241ee7383cfe646bfc51113a48089d50c33275af0033b98dee3b1c",
                "sha256:83adbf3f8c5023f4276557fbcb3b6306f9dce01783e8ac5f8c11fcb29f62e899",
                "sha256:9560b1f572cdaab43fdcdad5ef45138e89dc191729329db1b8ce5636f4cdeacf",
                "sha256:a0461da00ed23d17fcb04940db2b72f920435cf79be943564b717e378ffeeddf",
                "sha256:a354613b4cc6e0e9f1ba7811083cd8f63ccee97333d1df7594c438399c83249a",
                "sha256:c2f87505840c0f3557ea4aa5893f2459daf6516adac30b15d1d5cf567e0d7939",
                "sha256:d794f10b9f28d21af7a93054e217872aaf9b9ad1bd354ae5e1a3a923d734b73f",
                "sha256:d90c296cd5cdef86e720a0994d41d72c06d6ff8ab8fc6aaaf0ee6c675835d596",
                "sha256:e75f0c97cfe8d86da89b22ad7039f5af44b8f6b0af12bd2877791a92b4b9e987"
            ],
            "index": "pypi",
            "version": "==0.900"
        },
        "mypy-extensions": {
            "hashes": [
                "sha256:090fedd75945a69ae91ce1303b5824f428daf5a028d2f6ab8a299250a846f15d",
                "sha256:2d82818f5bb3e369420cb3c4060a7970edba416647068eb4c5343488a6c604a8"
            ],
            "version": "==0.4.3"
        },
        "packaging": {
            "hashes": [
                "sha256:5b327ac1320dc863dca72f4514ecc086f31186744b84a230374cc1fd776feae5",
                "sha256:67714da7f7bc052e064859c05c595155bd1ee9f69f76557e21f051443c20947a"
            ],
            "markers": "python_version >= '2.7' and python_version not in '3.0, 3.1, 3.2, 3.3'",
            "version": "==20.9"
        },
        "pluggy": {
            "hashes": [
                "sha256:15b2acde666561e1298d71b523007ed7364de07029219b604cf808bfa1c765b0",
                "sha256:966c145cd83c96502c3c3868f50408687b38434af77734af1e9ca461a4081d2d"
            ],
            "markers": "python_version >= '2.7' and python_version not in '3.0, 3.1, 3.2, 3.3'",
            "version": "==0.13.1"
        },
        "py": {
            "hashes": [
                "sha256:21b81bda15b66ef5e1a777a21c4dcd9c20ad3efd0b3f817e7a809035269e1bd3",
                "sha256:3b80836aa6d1feeaa108e046da6423ab8f6ceda6468545ae8d02d9d58d18818a"
            ],
            "markers": "python_version >= '2.7' and python_version not in '3.0, 3.1, 3.2, 3.3'",
            "version": "==1.10.0"
        },
        "pyparsing": {
            "hashes": [
                "sha256:c203ec8783bf771a155b207279b9bccb8dea02d8f0c9e5f8ead507bc3246ecc1",
                "sha256:ef9d7589ef3c200abe66653d3f1ab1033c3c419ae9b9bdb1240a85b024efc88b"
            ],
            "markers": "python_version >= '2.6' and python_version not in '3.0, 3.1, 3.2, 3.3'",
            "version": "==2.4.7"
        },
        "pytest": {
            "hashes": [
                "sha256:50bcad0a0b9c5a72c8e4e7c9855a3ad496ca6a881a3641b4260605450772c54b",
                "sha256:91ef2131a9bd6be8f76f1f08eac5c5317221d6ad1e143ae03894b862e8976890"
            ],
            "index": "pypi",
            "version": "==6.2.4"
        },
        "toml": {
            "hashes": [
                "sha256:806143ae5bfb6a3c6e736a764057db0e6a0e05e338b5630894a5f779cabb4f9b",
                "sha256:b3bda1d108d5dd99f4a20d24d9c348e91c4db7ab1b749200bded2f839ccbe68f"
            ],
            "markers": "python_version >= '2.6' and python_version not in '3.0, 3.1, 3.2, 3.3'",
            "version": "==0.10.2"
        },
        "typing-extensions": {
            "hashes": [
                "sha256:0ac0f89795dd19de6b97debb0c6af1c70987fd80a2d62d1958f7e56fcc31b497",
                "sha256:50b6f157849174217d0656f99dc82fe932884fb250826c18350e159ec6cdf342",
                "sha256:779383f6086d90c99ae41cf0ff39aac8a7937a9283ce0a414e5dd782f4c94a84"
            ],
            "version": "==3.10.0.0"
        }
    }
}
